
Microsoft Visual Studio Solution File, Format Version 12.00
# Visual Studio Version 16
VisualStudioVersion = 16.0.33529.622
MinimumVisualStudioVersion = 10.0.40219.1
Project("{8BC9CEB8-8B4A-11D0-8D11-00A0C91BC942}") = "binrw_win32", "binrw_win32\binrw_win32.vcxproj", "{995AE14F-59D5-4D24-9EB8-D685039822FC}"
EndProject
Project("{8BC9CEB8-8B4A-11D0-8D11-00A0C91BC942}") = "binrw_linux", "binrw_linux\binrw_linux.vcxproj", "{0270EDE5-3A60-428B-9E27-226E482BD7FF}"
EndProject
Project("{8BC9CEB8-8B4A-11D0-8D11-00A0C91BC942}") = "binrw", "binrw\binrw.vcxitems", "{ED5E3779-F513-46DB-BC23-38187BCFC3E6}"
EndProject
Global
	GlobalSection(SharedMSBuildProjectFiles) = preSolution
		binrw\binrw.vcxitems*{0270ede5-3a60-428b-9e27-226e482bd7ff}*SharedItemsImports = 4
		binrw\binrw.vcxitems*{995ae14f-59d5-4d24-9eb8-d685039822fc}*SharedItemsImports = 4
		binrw\binrw.vcxitems*{ed5e3779-f513-46db-bc23-38187bcfc3e6}*SharedItemsImports = 9
	EndGlobalSection
	GlobalSection(SolutionConfigurationPlatforms) = preSolution
		Debug|ARM = Debug|ARM
		Debug|ARM64 = Debug|ARM64
		Debug|x64 = Debug|x64
		Debug|x86 = Debug|x86
		Release|ARM = Release|ARM
		Release|ARM64 = Release|ARM64
		Release|x64 = Release|x64
		Release|x86 = Release|x86
	EndGlobalSection
	GlobalSection(ProjectConfigurationPlatforms) = postSolution
		{995AE14F-59D5-4D24-9EB8-D685039822FC}.Debug|ARM.ActiveCfg = Debug|Win32
		{995AE14F-59D5-4D24-9EB8-D685039822FC}.Debug|ARM64.ActiveCfg = Debug|Win32
		{995AE14F-59D5-4D24-9EB8-D685039822FC}.Debug|x64.ActiveCfg = Debug|x64
		{995AE14F-59D5-4D24-9EB8-D685039822FC}.Debug|x64.Build.0 = Debug|x64
		{995AE14F-59D5-4D24-9EB8-D685039822FC}.Debug|x86.ActiveCfg = Debug|Win32
		{995AE14F-59D5-4D24-9EB8-D685039822FC}.Debug|x86.Build.0 = Debug|Win32
		{995AE14F-59D5-4D24-9EB8-D685039822FC}.Release|ARM.ActiveCfg = Release|Win32
		{995AE14F-59D5-4D24-9EB8-D685039822FC}.Release|ARM64.ActiveCfg = Release|Win32
		{995AE14F-59D5-4D24-9EB8-D685039822FC}.Release|x64.ActiveCfg = Release|x64
		{995AE14F-59D5-4D24-9EB8-D685039822FC}.Release|x64.Build.0 = Release|x64
		{995AE14F-59D5-4D24-9EB8-D685039822FC}.Release|x86.ActiveCfg = Release|Win32
		{995AE14F-59D5-4D24-9EB8-D685039822FC}.Release|x86.Build.0 = Release|Win32
		{0270EDE5-3A60-428B-9E27-226E482BD7FF}.Debug|ARM.ActiveCfg = Debug|ARM
		{0270EDE5-3A60-428B-9E27-226E482BD7FF}.Debug|ARM.Build.0 = Debug|ARM
		{0270EDE5-3A60-428B-9E27-226E482BD7FF}.Debug|ARM.Deploy.0 = Debug|ARM
		{0270EDE5-3A60-428B-9E27-226E482BD7FF}.Debug|ARM64.ActiveCfg = Debug|ARM64
		{0270EDE5-3A60-428B-9E27-226E482BD7FF}.Debug|ARM64.Build.0 = Debug|ARM64
		{0270EDE5-3A60-428B-9E27-226E482BD7FF}.Debug|ARM64.Deploy.0 = Debug|ARM64
		{0270EDE5-3A60-428B-9E27-226E482BD7FF}.Debug|x64.ActiveCfg = Debug|x64
		{0270EDE5-3A60-428B-9E27-226E482BD7FF}.Debug|x64.Build.0 = Debug|x64
		{0270EDE5-3A60-428B-9E27-226E482BD7FF}.Debug|x64.Deploy.0 = Debug|x64
		{0270EDE5-3A60-428B-9E27-226E482BD7FF}.Debug|x86.ActiveCfg = Debug|x86
		{0270EDE5-3A60-428B-9E27-226E482BD7FF}.Debug|x86.Build.0 = Debug|x86
		{0270EDE5-3A60-428B-9E27-226E482BD7FF}.Debug|x86.Deploy.0 = Debug|x86
		{0270EDE5-3A60-428B-9E27-226E482BD7FF}.Release|ARM.ActiveCfg = Release|ARM
		{0270EDE5-3A60-428B-9E27-226E482BD7FF}.Release|ARM.Build.0 = Release|ARM
		{0270EDE5-3A60-428B-9E27-226E482BD7FF}.Release|ARM.Deploy.0 = Release|ARM
		{0270EDE5-3A60-428B-9E27-226E482BD7FF}.Release|ARM64.ActiveCfg = Release|ARM64
		{0270EDE5-3A60-428B-9E27-226E482BD7FF}.Release|ARM64.Build.0 = Release|ARM64
		{0270EDE5-3A60-428B-9E27-226E482BD7FF}.Release|ARM64.Deploy.0 = Release|ARM64
		{0270EDE5-3A60-428B-9E27-226E482BD7FF}.Release|x64.ActiveCfg = Release|x64
		{0270EDE5-3A60-428B-9E27-226E482BD7FF}.Release|x64.Build.0 = Release|x64
		{0270EDE5-3A60-428B-9E27-226E482BD7FF}.Release|x64.Deploy.0 = Release|x64
		{0270EDE5-3A60-428B-9E27-226E482BD7FF}.Release|x86.ActiveCfg = Release|x86
		{0270EDE5-3A60-428B-9E27-226E482BD7FF}.Release|x86.Build.0 = Release|x86
		{0270EDE5-3A60-428B-9E27-226E482BD7FF}.Release|x86.Deploy.0 = Release|x86
	EndGlobalSection
	GlobalSection(SolutionProperties) = preSolution
		HideSolutionNode = FALSE
	EndGlobalSection
	GlobalSection(ExtensibilityGlobals) = postSolution
		SolutionGuid = {D5DFB38D-F1E8-45D9-8C81-A24E59D2AE8A}
	EndGlobalSection
EndGlobal
